
Microsoft Visual Studio Solution File, Format Version 12.00
# Visual Studio Version 16
VisualStudioVersion = 16.0.28621.142
MinimumVisualStudioVersion = 10.0.40219.1
Project("{9A19103F-16F7-4668-BE54-9A1E7A4F7556}") = "TradingEngine.API", "TradingEngine\TradingEngine.API.csproj", "{C2F904CF-BD4E-47AC-A21C-447C33F2E4F2}"
EndProject
Project("{2150E333-8FDC-42A3-9474-1A3956D46DE8}") = "BuildingBlocks", "BuildingBlocks", "{89B86225-235F-41EB-B130-87E9F12EAE7B}"
EndProject
Project("{2150E333-8FDC-42A3-9474-1A3956D46DE8}") = "EventBus", "EventBus", "{A4DD338C-4E76-4050-AB64-AE6DD7903CE1}"
EndProject
Project("{9A19103F-16F7-4668-BE54-9A1E7A4F7556}") = "EventBus", "BuildingBlocks\EventBus\EventBus\EventBus.csproj", "{1F72E390-71AB-4B9C-B115-9A6332D10946}"
EndProject
Project("{9A19103F-16F7-4668-BE54-9A1E7A4F7556}") = "EventBus.Tests", "BuildingBlocks\EventBus\EventBus.Tests\EventBus.Tests.csproj", "{6D0C6B8F-7A98-40B6-9ED6-FE3801A22254}"
EndProject
Project("{9A19103F-16F7-4668-BE54-9A1E7A4F7556}") = "EventBusRabbitMQ", "BuildingBlocks\EventBus\EventBusRabbitMQ\EventBusRabbitMQ.csproj", "{F86CE92C-B28C-4DBF-AC70-E827EA145856}"
EndProject
Project("{9A19103F-16F7-4668-BE54-9A1E7A4F7556}") = "EventBusServiceBus", "BuildingBlocks\EventBus\EventBusServiceBus\EventBusServiceBus.csproj", "{969F7D1A-7BB9-4A30-B5CB-F9C15E51D550}"
EndProject
Project("{9A19103F-16F7-4668-BE54-9A1E7A4F7556}") = "IntegrationEventLogEF", "BuildingBlocks\EventBus\IntegrationEventLogEF\IntegrationEventLogEF.csproj", "{EDFEE1A0-C569-4850-9199-38E0006353AA}"
EndProject
Project("{2150E333-8FDC-42A3-9474-1A3956D46DE8}") = "Services", "Services", "{423046D5-0490-4BD8-88BD-491C89FB5784}"
EndProject
Project("{2150E333-8FDC-42A3-9474-1A3956D46DE8}") = "Orders", "Orders", "{E144117C-5071-4429-86FB-86FCD7334BAC}"
EndProject
Project("{FAE04EC0-301F-11D3-BF4B-00C04F79EFBC}") = "Orders.API", "Services\Orders\Orders.API\Orders.API.csproj", "{76CF2385-946B-463B-84CA-7A1DFCB18EB9}"
EndProject
Project("{FAE04EC0-301F-11D3-BF4B-00C04F79EFBC}") = "Orders.Domain", "Services\Orders\Orders.Domain\Orders.Domain.csproj", "{91DDF8E4-0FC1-43B7-AD58-B499BAABC2B4}"
EndProject
Project("{E53339B2-1760-4266-BCC7-CA923CBCF16C}") = "docker-compose", "docker-compose.dcproj", "{4CACB400-96A5-4341-B901-B4960C57C5B1}"
EndProject
Global
	GlobalSection(SolutionConfigurationPlatforms) = preSolution
		Debug|Any CPU = Debug|Any CPU
		Release|Any CPU = Release|Any CPU
	EndGlobalSection
	GlobalSection(ProjectConfigurationPlatforms) = postSolution
		{C2F904CF-BD4E-47AC-A21C-447C33F2E4F2}.Debug|Any CPU.ActiveCfg = Debug|Any CPU
		{C2F904CF-BD4E-47AC-A21C-447C33F2E4F2}.Debug|Any CPU.Build.0 = Debug|Any CPU
		{C2F904CF-BD4E-47AC-A21C-447C33F2E4F2}.Release|Any CPU.ActiveCfg = Release|Any CPU
		{C2F904CF-BD4E-47AC-A21C-447C33F2E4F2}.Release|Any CPU.Build.0 = Release|Any CPU
		{1F72E390-71AB-4B9C-B115-9A6332D10946}.Debug|Any CPU.ActiveCfg = Debug|Any CPU
		{1F72E390-71AB-4B9C-B115-9A6332D10946}.Debug|Any CPU.Build.0 = Debug|Any CPU
		{1F72E390-71AB-4B9C-B115-9A6332D10946}.Release|Any CPU.ActiveCfg = Release|Any CPU
		{1F72E390-71AB-4B9C-B115-9A6332D10946}.Release|Any CPU.Build.0 = Release|Any CPU
		{6D0C6B8F-7A98-40B6-9ED6-FE3801A22254}.Debug|Any CPU.ActiveCfg = Debug|Any CPU
		{6D0C6B8F-7A98-40B6-9ED6-FE3801A22254}.Debug|Any CPU.Build.0 = Debug|Any CPU
		{6D0C6B8F-7A98-40B6-9ED6-FE3801A22254}.Release|Any CPU.ActiveCfg = Release|Any CPU
		{6D0C6B8F-7A98-40B6-9ED6-FE3801A22254}.Release|Any CPU.Build.0 = Release|Any CPU
		{F86CE92C-B28C-4DBF-AC70-E827EA145856}.Debug|Any CPU.ActiveCfg = Debug|Any CPU
		{F86CE92C-B28C-4DBF-AC70-E827EA145856}.Debug|Any CPU.Build.0 = Debug|Any CPU
		{F86CE92C-B28C-4DBF-AC70-E827EA145856}.Release|Any CPU.ActiveCfg = Release|Any CPU
		{F86CE92C-B28C-4DBF-AC70-E827EA145856}.Release|Any CPU.Build.0 = Release|Any CPU
		{969F7D1A-7BB9-4A30-B5CB-F9C15E51D550}.Debug|Any CPU.ActiveCfg = Debug|Any CPU
		{969F7D1A-7BB9-4A30-B5CB-F9C15E51D550}.Debug|Any CPU.Build.0 = Debug|Any CPU
		{969F7D1A-7BB9-4A30-B5CB-F9C15E51D550}.Release|Any CPU.ActiveCfg = Release|Any CPU
		{969F7D1A-7BB9-4A30-B5CB-F9C15E51D550}.Release|Any CPU.Build.0 = Release|Any CPU
		{EDFEE1A0-C569-4850-9199-38E0006353AA}.Debug|Any CPU.ActiveCfg = Debug|Any CPU
		{EDFEE1A0-C569-4850-9199-38E0006353AA}.Debug|Any CPU.Build.0 = Debug|Any CPU
		{EDFEE1A0-C569-4850-9199-38E0006353AA}.Release|Any CPU.ActiveCfg = Release|Any CPU
		{EDFEE1A0-C569-4850-9199-38E0006353AA}.Release|Any CPU.Build.0 = Release|Any CPU
		{76CF2385-946B-463B-84CA-7A1DFCB18EB9}.Debug|Any CPU.ActiveCfg = Debug|Any CPU
		{76CF2385-946B-463B-84CA-7A1DFCB18EB9}.Debug|Any CPU.Build.0 = Debug|Any CPU
		{76CF2385-946B-463B-84CA-7A1DFCB18EB9}.Release|Any CPU.ActiveCfg = Release|Any CPU
		{76CF2385-946B-463B-84CA-7A1DFCB18EB9}.Release|Any CPU.Build.0 = Release|Any CPU
		{91DDF8E4-0FC1-43B7-AD58-B499BAABC2B4}.Debug|Any CPU.ActiveCfg = Debug|Any CPU
		{91DDF8E4-0FC1-43B7-AD58-B499BAABC2B4}.Debug|Any CPU.Build.0 = Debug|Any CPU
		{91DDF8E4-0FC1-43B7-AD58-B499BAABC2B4}.Release|Any CPU.ActiveCfg = Release|Any CPU
		{91DDF8E4-0FC1-43B7-AD58-B499BAABC2B4}.Release|Any CPU.Build.0 = Release|Any CPU
		{4CACB400-96A5-4341-B901-B4960C57C5B1}.Debug|Any CPU.ActiveCfg = Debug|Any CPU
		{4CACB400-96A5-4341-B901-B4960C57C5B1}.Debug|Any CPU.Build.0 = Debug|Any CPU
		{4CACB400-96A5-4341-B901-B4960C57C5B1}.Release|Any CPU.ActiveCfg = Release|Any CPU
		{4CACB400-96A5-4341-B901-B4960C57C5B1}.Release|Any CPU.Build.0 = Release|Any CPU
	EndGlobalSection
	GlobalSection(SolutionProperties) = preSolution
		HideSolutionNode = FALSE
	EndGlobalSection
	GlobalSection(NestedProjects) = preSolution
		{A4DD338C-4E76-4050-AB64-AE6DD7903CE1} = {89B86225-235F-41EB-B130-87E9F12EAE7B}
		{1F72E390-71AB-4B9C-B115-9A6332D10946} = {A4DD338C-4E76-4050-AB64-AE6DD7903CE1}
		{6D0C6B8F-7A98-40B6-9ED6-FE3801A22254} = {A4DD338C-4E76-4050-AB64-AE6DD7903CE1}
		{F86CE92C-B28C-4DBF-AC70-E827EA145856} = {A4DD338C-4E76-4050-AB64-AE6DD7903CE1}
		{969F7D1A-7BB9-4A30-B5CB-F9C15E51D550} = {A4DD338C-4E76-4050-AB64-AE6DD7903CE1}
		{EDFEE1A0-C569-4850-9199-38E0006353AA} = {A4DD338C-4E76-4050-AB64-AE6DD7903CE1}
		{E144117C-5071-4429-86FB-86FCD7334BAC} = {423046D5-0490-4BD8-88BD-491C89FB5784}
		{76CF2385-946B-463B-84CA-7A1DFCB18EB9} = {E144117C-5071-4429-86FB-86FCD7334BAC}
		{91DDF8E4-0FC1-43B7-AD58-B499BAABC2B4} = {E144117C-5071-4429-86FB-86FCD7334BAC}
	EndGlobalSection
	GlobalSection(ExtensibilityGlobals) = postSolution
		SolutionGuid = {7CAE748A-DE0F-4820-9C2A-CD80AA1F5DBE}
	EndGlobalSection
EndGlobal
